{
  "name": "neogroup-components",
  "version": "0.0.1",
  "lockfileVersion": 1,
  "requires": true,
  "dependencies": {
    "@stencil/core": {
      "version": "1.1.7",
      "resolved": "https://registry.npmjs.org/@stencil/core/-/core-1.1.7.tgz",
      "integrity": "sha512-xqPHMe2kYMJHV2MKhQTVZoD7nHnPWaEUCRgDFXYBgvknvH7e1NuZ+kaLZ3/n93GK8L8yxbe1cqEM8zfCSEtTBw==",
      "dev": true,
      "requires": {
        "typescript": "3.5.2"
      }
    },
    "@stencil/sass": {
      "version": "1.0.1",
      "resolved": "https://registry.npmjs.org/@stencil/sass/-/sass-1.0.1.tgz",
      "integrity": "sha512-3vmF8zir9FcVY/tYW0/V/pWrYSU684eASmALL2v29PGJvX6/CXh9n8LF7Jy95SpJPij3lisIUXLls7edXy2hYg==",
      "dev": true
    },
    "moment": {
      "version": "2.29.4",
      "resolved": "https://registry.npmjs.org/moment/-/moment-2.29.4.tgz",
      "integrity": "sha512-5LC9SOxjSc2HF6vO2CyuTDNivEdoz2IvyJJGj6X8DJ0eFyfszE0QiEd+iXmBvUP3WHxSjFH/vIsA0EN00cgr8w==",
      "dev": true
    },
    "typescript": {
      "version": "3.5.2",
      "resolved": "https://registry.npmjs.org/typescript/-/typescript-3.5.2.tgz",
      "integrity": "sha512-7KxJovlYhTX5RaRbUdkAXN1KUZ8PwWlTzQdHV6xNqvuFOs7+WBo10TQUqT19Q/Jz2hk5v9TQDIhyLhhJY4p5AA==",
      "dev": true
    }
  }
}
